# THIS IS AN AUTOGENERATED FILE. DO NOT EDIT THIS FILE DIRECTLY.
# yarn lockfile v1


"@types/smoothscroll-polyfill@^0.3.1":
  version "0.3.1"
  resolved "https://registry.yarnpkg.com/@types/smoothscroll-polyfill/-/smoothscroll-polyfill-0.3.1.tgz#77fb3a6e116bdab4a5959122e3b8e201224dcd49"
  integrity sha512-+KkHw4y+EyeCtVXET7woHUhIbfWFCflc0E0mZnSV+ZdjPQeHt/9KPEuT7gSW/kFQ8O3EG30PLO++YhChDt8+Ag==
